
Microsoft Visual Studio Solution File, Format Version 12.00
# Visual Studio Version 17
VisualStudioVersion = 17.7.34031.279
MinimumVisualStudioVersion = 10.0.40219.1
Project("{FAE04EC0-301F-11D3-BF4B-00C04F79EFBC}") = "drzewo", "drzewo\drzewo.csproj", "{24DC1705-BD9A-4EE0-AADA-49C325A13A8E}"
EndProject
Global
	GlobalSection(SolutionConfigurationPlatforms) = preSolution
		Debug|Any CPU = Debug|Any CPU
		Release|Any CPU = Release|Any CPU
	EndGlobalSection
	GlobalSection(ProjectConfigurationPlatforms) = postSolution
		{24DC1705-BD9A-4EE0-AADA-49C325A13A8E}.Debug|Any CPU.ActiveCfg = Debug|Any CPU
		{24DC1705-BD9A-4EE0-AADA-49C325A13A8E}.Debug|Any CPU.Build.0 = Debug|Any CPU
		{24DC1705-BD9A-4EE0-AADA-49C325A13A8E}.Release|Any CPU.ActiveCfg = Release|Any CPU
		{24DC1705-BD9A-4EE0-AADA-49C325A13A8E}.Release|Any CPU.Build.0 = Release|Any CPU
	EndGlobalSection
	GlobalSection(SolutionProperties) = preSolution
		HideSolutionNode = FALSE
	EndGlobalSection
	GlobalSection(ExtensibilityGlobals) = postSolution
		SolutionGuid = {9040CA90-3779-422A-8495-53B27B0D3661}
	EndGlobalSection
EndGlobal
